# THIS IS AN AUTOGENERATED FILE. DO NOT EDIT THIS FILE DIRECTLY.
# yarn lockfile v1


async-csv@^2.1.3:
  version "2.1.3"
  resolved "https://registry.yarnpkg.com/async-csv/-/async-csv-2.1.3.tgz#d6e43c61050ed3501b57f53c4c28943c5da59172"
  integrity sha512-mpsCN+D7mzZeqrlDw7UTPhvDQDlx1i819E9fbKIt8drkgED5FSOlBv3Rk/+sXdevnO2wwlRkVOQ4kdT0AyqPqQ==
  dependencies:
    csv "^5.1.3"

csv-generate@^3.4.3:
  version "3.4.3"
  resolved "https://registry.yarnpkg.com/csv-generate/-/csv-generate-3.4.3.tgz#bc42d943b45aea52afa896874291da4b9108ffff"
  integrity sha512-w/T+rqR0vwvHqWs/1ZyMDWtHHSJaN06klRqJXBEpDJaM/+dZkso0OKh1VcuuYvK3XM53KysVNq8Ko/epCK8wOw==

csv-parse@^4.16.3:
  version "4.16.3"
  resolved "https://registry.yarnpkg.com/csv-parse/-/csv-parse-4.16.3.tgz#7ca624d517212ebc520a36873c3478fa66efbaf7"
  integrity sha512-cO1I/zmz4w2dcKHVvpCr7JVRu8/FymG5OEpmvsZYlccYolPBLoVGKUHgNoc4ZGkFeFlWGEDmMyBM+TTqRdW/wg==

csv-stringify@^5.6.5:
  version "5.6.5"
  resolved "https://registry.yarnpkg.com/csv-stringify/-/csv-stringify-5.6.5.tgz#c6d74badda4b49a79bf4e72f91cce1e33b94de00"
  integrity sha512-PjiQ659aQ+fUTQqSrd1XEDnOr52jh30RBurfzkscaE2tPaFsDH5wOAHJiw8XAHphRknCwMUE9KRayc4K/NbO8A==

csv@^5.1.3:
  version "5.5.3"
  resolved "https://registry.yarnpkg.com/csv/-/csv-5.5.3.tgz#cd26c1e45eae00ce6a9b7b27dcb94955ec95207d"
  integrity sha512-QTaY0XjjhTQOdguARF0lGKm5/mEq9PD9/VhZZegHDIBq2tQwgNpHc3dneD4mGo2iJs+fTKv5Bp0fZ+BRuY3Z0g==
  dependencies:
    csv-generate "^3.4.3"
    csv-parse "^4.16.3"
    csv-stringify "^5.6.5"
    stream-transform "^2.1.3"

mixme@^0.5.1:
  version "0.5.4"
  resolved "https://registry.yarnpkg.com/mixme/-/mixme-0.5.4.tgz#8cb3bd0cd32a513c161bf1ca99d143f0bcf2eff3"
  integrity sha512-3KYa4m4Vlqx98GPdOHghxSdNtTvcP8E0kkaJ5Dlh+h2DRzF7zpuVVcA8B0QpKd11YJeP9QQ7ASkKzOeu195Wzw==

objects-to-csv@^1.3.6:
  version "1.3.6"
  resolved "https://registry.yarnpkg.com/objects-to-csv/-/objects-to-csv-1.3.6.tgz#05f25144099151ee915d2dd1458d4dd3ea96d84a"
  integrity sha512-383eSpS3hmgCksW85KIqBtcbgSW5DDVsCmzLoM6C3q4yzOX2rmtWxF4pbLJ76fz+ufA+4/SwAT4QdaY6IUWmAg==
  dependencies:
    async-csv "^2.1.3"

stream-transform@^2.1.3:
  version "2.1.3"
  resolved "https://registry.yarnpkg.com/stream-transform/-/stream-transform-2.1.3.tgz#a1c3ecd72ddbf500aa8d342b0b9df38f5aa598e3"
  integrity sha512-9GHUiM5hMiCi6Y03jD2ARC1ettBXkQBoQAe7nJsPknnI0ow10aXjTnew8QtYQmLjzn974BnmWEAJgCY6ZP1DeQ==
  dependencies:
    mixme "^0.5.1"
